{
  "nodes": {
    "home-manager": {
      "inputs": {
        "nixpkgs": [
          "nixpkgs"
        ]
      },
      "locked": {
        "lastModified": 1715486357,
        "narHash": "sha256-4pRuzsHZOW5W4CsXI9uhKtiJeQSUoe1d2M9mWU98HC4=",
        "owner": "nix-community",
        "repo": "home-manager",
        "rev": "44677a1c96810a8e8c4ffaeaad10c842402647c1",
        "type": "github"
      },
      "original": {
        "owner": "nix-community",
        "repo": "home-manager",
        "type": "github"
      }
    },
    "nix-hardware": {
      "locked": {
        "lastModified": 1715148395,
        "narHash": "sha256-lRxjTxY3103LGMjWdVqntKZHhlmMX12QUjeFrQMmGaE=",
        "owner": "NixOS",
        "repo": "nixos-hardware",
        "rev": "a4e2b7909fc1bdf30c30ef21d388fde0b5cdde4a",
        "type": "github"
      },
      "original": {
        "owner": "NixOS",
        "repo": "nixos-hardware",
        "type": "github"
      }
    },
    "nixpkgs": {
      "locked": {
        "lastModified": 1715534503,
        "narHash": "sha256-5ZSVkFadZbFP1THataCaSf0JH2cAH3S29hU9rrxTEqk=",
        "owner": "nixos",
        "repo": "nixpkgs",
        "rev": "2057814051972fa1453ddfb0d98badbea9b83c06",
        "type": "github"
      },
      "original": {
        "owner": "nixos",
        "ref": "nixos-unstable",
        "repo": "nixpkgs",
        "type": "github"
      }
    },
    "nixpkgs-sn": {
      "locked": {
        "lastModified": 1715666462,
        "narHash": "sha256-tJUCXcYac/CDfd4BuHqOap/f+3wQNTG8pJoXk3+Ozd4=",
        "owner": "nixos",
        "repo": "nixpkgs",
        "rev": "c9632eb724214877eac1a3e90e58cb9c445f01f1",
        "type": "github"
      },
      "original": {
        "owner": "nixos",
        "ref": "staging-next",
        "repo": "nixpkgs",
        "type": "github"
      }
    },
    "root": {
      "inputs": {
        "home-manager": "home-manager",
        "nix-hardware": "nix-hardware",
        "nixpkgs": "nixpkgs",
        "nixpkgs-sn": "nixpkgs-sn"
      }
    }
  },
  "root": "root",
  "version": 7
}
